<?xml version="1.0" encoding="UTF-8" standalone="yes" ?>
<CodeBlocks_project_file>
	<FileVersion major="1" minor="6" />
	<Project>
		<Option title="Schema Mouse" />
		<Option pch_mode="2" />
		<Option compiler="gcc" />
		<Build>
			<Target title="Debug">
				<Option output="bin/Debug/Schema Mouse" prefix_auto="1" extension_auto="1" />
				<Option object_output="obj/Debug/" />
				<Option type="0" />
				<Option compiler="gcc" />
				<Compiler>
					<Add option="-g" />
				</Compiler>
			</Target>
			<Target title="Release">
				<Option output="bin/Release/Schema Mouse" prefix_auto="1" extension_auto="1" />
				<Option object_output="obj/Release/" />
				<Option type="1" />
				<Option compiler="gcc" />
				<Compiler>
					<Add option="-O2" />
					<Add option="-std=c++11" />
					<Add option="-DSFML_STATIC" />
				</Compiler>
				<Linker>
					<Add option="-s" />
				</Linker>
			</Target>
		</Build>
		<Compiler>
			<Add option="-Wall" />
			<Add option="-fexceptions" />
		</Compiler>
		<Unit filename="butoane.in" />
		<Unit filename="butoane_configuratii.in" />
		<Unit filename="butoane_gameplay.in" />
		<Unit filename="butoane_instructiuni" />
		<Unit filename="butoane_instructiuni.in" />
		<Unit filename="butoane_instructiuni_engleza.in" />
		<Unit filename="butoane_meniu.in" />
		<Unit filename="butoane_meniu_engleza.in" />
		<Unit filename="butoane_setari.in" />
		<Unit filename="main.cpp" />
		<Unit filename="matrice.in" />
		<Unit filename="piese.in" />
		<Extensions>
			<code_completion />
			<envvars />
			<debugger />
			<lib_finder disable_auto="1" />
		</Extensions>
	</Project>
</CodeBlocks_project_file>
